
Microsoft Visual Studio Solution File, Format Version 12.00
# Visual Studio 15
VisualStudioVersion = 15.0.28307.421
MinimumVisualStudioVersion = 10.0.40219.1
Project("{FAE04EC0-301F-11D3-BF4B-00C04F79EFBC}") = "MyPDS", "MyPDS\MyPDS.csproj", "{C677F69F-0400-43D6-AB80-08C176B52049}"
EndProject
Project("{FAE04EC0-301F-11D3-BF4B-00C04F79EFBC}") = "MyPDSV0.9", "MyPDSV0.9\MyPDSV0.9.csproj", "{1F3CA77A-98A6-49B7-AA33-CB0D66D965F1}"
EndProject
Global
	GlobalSection(SolutionConfigurationPlatforms) = preSolution
		Debug|Any CPU = Debug|Any CPU
		Release|Any CPU = Release|Any CPU
	EndGlobalSection
	GlobalSection(ProjectConfigurationPlatforms) = postSolution
		{C677F69F-0400-43D6-AB80-08C176B52049}.Debug|Any CPU.ActiveCfg = Debug|Any CPU
		{C677F69F-0400-43D6-AB80-08C176B52049}.Debug|Any CPU.Build.0 = Debug|Any CPU
		{C677F69F-0400-43D6-AB80-08C176B52049}.Release|Any CPU.ActiveCfg = Release|Any CPU
		{C677F69F-0400-43D6-AB80-08C176B52049}.Release|Any CPU.Build.0 = Release|Any CPU
		{1F3CA77A-98A6-49B7-AA33-CB0D66D965F1}.Debug|Any CPU.ActiveCfg = Debug|Any CPU
		{1F3CA77A-98A6-49B7-AA33-CB0D66D965F1}.Debug|Any CPU.Build.0 = Debug|Any CPU
		{1F3CA77A-98A6-49B7-AA33-CB0D66D965F1}.Release|Any CPU.ActiveCfg = Release|Any CPU
		{1F3CA77A-98A6-49B7-AA33-CB0D66D965F1}.Release|Any CPU.Build.0 = Release|Any CPU
	EndGlobalSection
	GlobalSection(SolutionProperties) = preSolution
		HideSolutionNode = FALSE
	EndGlobalSection
	GlobalSection(ExtensibilityGlobals) = postSolution
		SolutionGuid = {D01ABDD2-B54F-4DB9-9409-AFE740652661}
	EndGlobalSection
EndGlobal
